
Microsoft Visual Studio Solution File, Format Version 12.00
# Visual Studio 15
VisualStudioVersion = 15.0.27703.2000
MinimumVisualStudioVersion = 10.0.40219.1
Project("{FAE04EC0-301F-11D3-BF4B-00C04F79EFBC}") = "BlazorTest.Server", "BlazorTest.Server\BlazorTest.Server.csproj", "{C55D5405-B5F6-4A0A-9354-E8E286BF87C1}"
EndProject
Project("{FAE04EC0-301F-11D3-BF4B-00C04F79EFBC}") = "BlazorTest.Client", "BlazorTest.Client\BlazorTest.Client.csproj", "{35BCEBCB-426E-4C00-900E-8FF4070F506E}"
EndProject
Project("{FAE04EC0-301F-11D3-BF4B-00C04F79EFBC}") = "BlazorTest.Shared", "BlazorTest.Shared\BlazorTest.Shared.csproj", "{53337306-A84F-47C7-BC6E-D39BEDDDBD83}"
EndProject
Global
	GlobalSection(SolutionConfigurationPlatforms) = preSolution
		Debug|Any CPU = Debug|Any CPU
		Release|Any CPU = Release|Any CPU
	EndGlobalSection
	GlobalSection(ProjectConfigurationPlatforms) = postSolution
		{C55D5405-B5F6-4A0A-9354-E8E286BF87C1}.Debug|Any CPU.ActiveCfg = Debug|Any CPU
		{C55D5405-B5F6-4A0A-9354-E8E286BF87C1}.Debug|Any CPU.Build.0 = Debug|Any CPU
		{C55D5405-B5F6-4A0A-9354-E8E286BF87C1}.Release|Any CPU.ActiveCfg = Release|Any CPU
		{C55D5405-B5F6-4A0A-9354-E8E286BF87C1}.Release|Any CPU.Build.0 = Release|Any CPU
		{35BCEBCB-426E-4C00-900E-8FF4070F506E}.Debug|Any CPU.ActiveCfg = Debug|Any CPU
		{35BCEBCB-426E-4C00-900E-8FF4070F506E}.Debug|Any CPU.Build.0 = Debug|Any CPU
		{35BCEBCB-426E-4C00-900E-8FF4070F506E}.Release|Any CPU.ActiveCfg = Release|Any CPU
		{35BCEBCB-426E-4C00-900E-8FF4070F506E}.Release|Any CPU.Build.0 = Release|Any CPU
		{53337306-A84F-47C7-BC6E-D39BEDDDBD83}.Debug|Any CPU.ActiveCfg = Debug|Any CPU
		{53337306-A84F-47C7-BC6E-D39BEDDDBD83}.Debug|Any CPU.Build.0 = Debug|Any CPU
		{53337306-A84F-47C7-BC6E-D39BEDDDBD83}.Release|Any CPU.ActiveCfg = Release|Any CPU
		{53337306-A84F-47C7-BC6E-D39BEDDDBD83}.Release|Any CPU.Build.0 = Release|Any CPU
	EndGlobalSection
	GlobalSection(SolutionProperties) = preSolution
		HideSolutionNode = FALSE
	EndGlobalSection
	GlobalSection(ExtensibilityGlobals) = postSolution
		SolutionGuid = {F53A3CB3-A494-4F73-93A2-5D0E2088179B}
	EndGlobalSection
EndGlobal
